// !$*UTF8*$!
{
	archiveVersion = 1;
	classes = {
	};
	objectVersion = 46;
	objects = {

/* Begin PBXBuildFile section */
		2E031CC41DD283EF002BD6E2 /* GameViewControllerExtension.swift in Sources */ = {isa = PBXBuildFile; fileRef = 2E031CC31DD283EF002BD6E2 /* GameViewControllerExtension.swift */; };
		2E6E3DCC1DD2232F00C4298F /* MPCManager.swift in Sources */ = {isa = PBXBuildFile; fileRef = 2E6E3DCB1DD2232F00C4298F /* MPCManager.swift */; };
		2EABADCF1DE0E5EA004F0CF8 /* Player.swift in Sources */ = {isa = PBXBuildFile; fileRef = 2EABADCE1DE0E5EA004F0CF8 /* Player.swift */; };
		2EABADD21DE12184004F0CF8 /* CGVectorExtension.swift in Sources */ = {isa = PBXBuildFile; fileRef = 2EABADD11DE12184004F0CF8 /* CGVectorExtension.swift */; };
		402E0A851DD17009003C7969 /* InitialScene.swift in Sources */ = {isa = PBXBuildFile; fileRef = 402E0A841DD17009003C7969 /* InitialScene.swift */; };
		402E0A871DD17027003C7969 /* OptionsScene.swift in Sources */ = {isa = PBXBuildFile; fileRef = 402E0A861DD17027003C7969 /* OptionsScene.swift */; };
		402E0A891DD1703B003C7969 /* DeviceListScene.swift in Sources */ = {isa = PBXBuildFile; fileRef = 402E0A881DD1703B003C7969 /* DeviceListScene.swift */; };
		402E0A8B1DD1705D003C7969 /* FinalResultScene.swift in Sources */ = {isa = PBXBuildFile; fileRef = 402E0A8A1DD1705D003C7969 /* FinalResultScene.swift */; };
		405482251DD9216C003F56DC /* EarthClass.swift in Sources */ = {isa = PBXBuildFile; fileRef = 405482241DD9216C003F56DC /* EarthClass.swift */; };
		40C8F71B1DD8D4D9009B4E24 /* AsteroidClass.swift in Sources */ = {isa = PBXBuildFile; fileRef = 40C8F71A1DD8D4D9009B4E24 /* AsteroidClass.swift */; };
		40C8F71D1DD8D4E3009B4E24 /* AimClass.swift in Sources */ = {isa = PBXBuildFile; fileRef = 40C8F71C1DD8D4E3009B4E24 /* AimClass.swift */; };
		40CC61941DD118BD00178B7A /* AppDelegate.swift in Sources */ = {isa = PBXBuildFile; fileRef = 40CC61931DD118BD00178B7A /* AppDelegate.swift */; };
		40CC619A1DD118BD00178B7A /* Game.xcassets in Resources */ = {isa = PBXBuildFile; fileRef = 40CC61991DD118BD00178B7A /* Game.xcassets */; };
		40CC619C1DD118BD00178B7A /* GameScene.swift in Sources */ = {isa = PBXBuildFile; fileRef = 40CC619B1DD118BD00178B7A /* GameScene.swift */; };
		40CC619E1DD118BD00178B7A /* GameViewController.swift in Sources */ = {isa = PBXBuildFile; fileRef = 40CC619D1DD118BD00178B7A /* GameViewController.swift */; };
		40CC61A11DD118BD00178B7A /* Main.storyboard in Resources */ = {isa = PBXBuildFile; fileRef = 40CC619F1DD118BD00178B7A /* Main.storyboard */; };
		40CC61A31DD118BD00178B7A /* Assets.xcassets in Resources */ = {isa = PBXBuildFile; fileRef = 40CC61A21DD118BD00178B7A /* Assets.xcassets */; };
		EF44D6251DE21F5E00DCDC42 /* VerificationViewController.swift in Sources */ = {isa = PBXBuildFile; fileRef = EF44D6241DE21F5E00DCDC42 /* VerificationViewController.swift */; };
		EF8FA1951DD7AE7100CB350F /* fire.scnp in Resources */ = {isa = PBXBuildFile; fileRef = EF8FA1941DD7AE7100CB350F /* fire.scnp */; };
		EFB374E01DD8FF2200B9A6D0 /* InitialViewController.swift in Sources */ = {isa = PBXBuildFile; fileRef = EFB374DF1DD8FF2200B9A6D0 /* InitialViewController.swift */; };
		EFB374E21DD8FFF600B9A6D0 /* HussarBdSuprObl.otf in Resources */ = {isa = PBXBuildFile; fileRef = EFB374E11DD8FFF600B9A6D0 /* HussarBdSuprObl.otf */; };
		EFB374E41DD9052600B9A6D0 /* OCRAStd.otf in Resources */ = {isa = PBXBuildFile; fileRef = EFB374E31DD9052600B9A6D0 /* OCRAStd.otf */; };
		EFE26F841DDE1E6700979881 /* explosion.scnp in Resources */ = {isa = PBXBuildFile; fileRef = EFE26F831DDE1E6700979881 /* explosion.scnp */; };
		EFE26F861DDF7E3200979881 /* miniExplosion.scnp in Resources */ = {isa = PBXBuildFile; fileRef = EFE26F851DDF7E3200979881 /* miniExplosion.scnp */; };
		EFF0362C1DD2565700EF97DD /* spark.png in Resources */ = {isa = PBXBuildFile; fileRef = EFF0362A1DD2565700EF97DD /* spark.png */; };
		EFF0362E1DD27C9600EF97DD /* Game3DView.swift in Sources */ = {isa = PBXBuildFile; fileRef = EFF0362D1DD27C9600EF97DD /* Game3DView.swift */; };
/* End PBXBuildFile section */

/* Begin PBXFileReference section */
		2E031CC31DD283EF002BD6E2 /* GameViewControllerExtension.swift */ = {isa = PBXFileReference; fileEncoding = 4; lastKnownFileType = sourcecode.swift; path = GameViewControllerExtension.swift; sourceTree = "<group>"; };
		2E6E3DCB1DD2232F00C4298F /* MPCManager.swift */ = {isa = PBXFileReference; fileEncoding = 4; lastKnownFileType = sourcecode.swift; path = MPCManager.swift; sourceTree = "<group>"; };
		2EABADCE1DE0E5EA004F0CF8 /* Player.swift */ = {isa = PBXFileReference; fileEncoding = 4; lastKnownFileType = sourcecode.swift; path = Player.swift; sourceTree = "<group>"; };
		2EABADD11DE12184004F0CF8 /* CGVectorExtension.swift */ = {isa = PBXFileReference; fileEncoding = 4; lastKnownFileType = sourcecode.swift; path = CGVectorExtension.swift; sourceTree = "<group>"; };
		402E0A841DD17009003C7969 /* InitialScene.swift */ = {isa = PBXFileReference; fileEncoding = 4; lastKnownFileType = sourcecode.swift; path = InitialScene.swift; sourceTree = "<group>"; };
		402E0A861DD17027003C7969 /* OptionsScene.swift */ = {isa = PBXFileReference; fileEncoding = 4; lastKnownFileType = sourcecode.swift; path = OptionsScene.swift; sourceTree = "<group>"; };
		402E0A881DD1703B003C7969 /* DeviceListScene.swift */ = {isa = PBXFileReference; fileEncoding = 4; lastKnownFileType = sourcecode.swift; path = DeviceListScene.swift; sourceTree = "<group>"; };
		402E0A8A1DD1705D003C7969 /* FinalResultScene.swift */ = {isa = PBXFileReference; fileEncoding = 4; lastKnownFileType = sourcecode.swift; path = FinalResultScene.swift; sourceTree = "<group>"; };
		405482241DD9216C003F56DC /* EarthClass.swift */ = {isa = PBXFileReference; fileEncoding = 4; lastKnownFileType = sourcecode.swift; path = EarthClass.swift; sourceTree = "<group>"; };
		40C8F71A1DD8D4D9009B4E24 /* AsteroidClass.swift */ = {isa = PBXFileReference; fileEncoding = 4; lastKnownFileType = sourcecode.swift; path = AsteroidClass.swift; sourceTree = "<group>"; };
		40C8F71C1DD8D4E3009B4E24 /* AimClass.swift */ = {isa = PBXFileReference; fileEncoding = 4; lastKnownFileType = sourcecode.swift; path = AimClass.swift; sourceTree = "<group>"; };
		40CC61901DD118BD00178B7A /* AAAHSTEROIS.app */ = {isa = PBXFileReference; explicitFileType = wrapper.application; includeInIndex = 0; path = AAAHSTEROIS.app; sourceTree = BUILT_PRODUCTS_DIR; };
		40CC61931DD118BD00178B7A /* AppDelegate.swift */ = {isa = PBXFileReference; lastKnownFileType = sourcecode.swift; path = AppDelegate.swift; sourceTree = "<group>"; };
		40CC61991DD118BD00178B7A /* Game.xcassets */ = {isa = PBXFileReference; lastKnownFileType = folder.assetcatalog; path = Game.xcassets; sourceTree = "<group>"; };
		40CC619B1DD118BD00178B7A /* GameScene.swift */ = {isa = PBXFileReference; lastKnownFileType = sourcecode.swift; path = GameScene.swift; sourceTree = "<group>"; };
		40CC619D1DD118BD00178B7A /* GameViewController.swift */ = {isa = PBXFileReference; lastKnownFileType = sourcecode.swift; path = GameViewController.swift; sourceTree = "<group>"; };
		40CC61A01DD118BD00178B7A /* Base */ = {isa = PBXFileReference; lastKnownFileType = file.storyboard; name = Base; path = Base.lproj/Main.storyboard; sourceTree = "<group>"; };
		40CC61A21DD118BD00178B7A /* Assets.xcassets */ = {isa = PBXFileReference; lastKnownFileType = folder.assetcatalog; path = Assets.xcassets; sourceTree = "<group>"; };
		40CC61A41DD118BD00178B7A /* Info.plist */ = {isa = PBXFileReference; lastKnownFileType = text.plist.xml; path = Info.plist; sourceTree = "<group>"; };
		EF44D6241DE21F5E00DCDC42 /* VerificationViewController.swift */ = {isa = PBXFileReference; fileEncoding = 4; lastKnownFileType = sourcecode.swift; path = VerificationViewController.swift; sourceTree = "<group>"; };
		EF8FA1941DD7AE7100CB350F /* fire.scnp */ = {isa = PBXFileReference; lastKnownFileType = file.scp; path = fire.scnp; sourceTree = "<group>"; };
		EFB374DF1DD8FF2200B9A6D0 /* InitialViewController.swift */ = {isa = PBXFileReference; fileEncoding = 4; lastKnownFileType = sourcecode.swift; path = InitialViewController.swift; sourceTree = "<group>"; };
		EFB374E11DD8FFF600B9A6D0 /* HussarBdSuprObl.otf */ = {isa = PBXFileReference; lastKnownFileType = file; path = HussarBdSuprObl.otf; sourceTree = "<group>"; };
		EFB374E31DD9052600B9A6D0 /* OCRAStd.otf */ = {isa = PBXFileReference; lastKnownFileType = file; path = OCRAStd.otf; sourceTree = "<group>"; };
		EFE26F831DDE1E6700979881 /* explosion.scnp */ = {isa = PBXFileReference; lastKnownFileType = file.scp; path = explosion.scnp; sourceTree = "<group>"; };
		EFE26F851DDF7E3200979881 /* miniExplosion.scnp */ = {isa = PBXFileReference; lastKnownFileType = file.scp; path = miniExplosion.scnp; sourceTree = "<group>"; };
		EFF0362A1DD2565700EF97DD /* spark.png */ = {isa = PBXFileReference; lastKnownFileType = image.png; path = spark.png; sourceTree = "<group>"; };
		EFF0362D1DD27C9600EF97DD /* Game3DView.swift */ = {isa = PBXFileReference; fileEncoding = 4; lastKnownFileType = sourcecode.swift; path = Game3DView.swift; sourceTree = "<group>"; };
/* End PBXFileReference section */

/* Begin PBXFrameworksBuildPhase section */
		40CC618D1DD118BD00178B7A /* Frameworks */ = {
			isa = PBXFrameworksBuildPhase;
			buildActionMask = 2147483647;
			files = (
			);
			runOnlyForDeploymentPostprocessing = 0;
		};
/* End PBXFrameworksBuildPhase section */

/* Begin PBXGroup section */
		2E8D4F241DE0BD0700F5FA32 /* Resources */ = {
			isa = PBXGroup;
			children = (
				EF8FA1941DD7AE7100CB350F /* fire.scnp */,
				EFE26F831DDE1E6700979881 /* explosion.scnp */,
				EFE26F851DDF7E3200979881 /* miniExplosion.scnp */,
				EFF0362A1DD2565700EF97DD /* spark.png */,
				EFB374E11DD8FFF600B9A6D0 /* HussarBdSuprObl.otf */,
				EFB374E31DD9052600B9A6D0 /* OCRAStd.otf */,
			);
			name = Resources;
			sourceTree = "<group>";
		};
		2EABADD01DE1216C004F0CF8 /* Extensions */ = {
			isa = PBXGroup;
			children = (
				2EABADD11DE12184004F0CF8 /* CGVectorExtension.swift */,
			);
			name = Extensions;
			sourceTree = "<group>";
		};
		402E0A8C1DD17144003C7969 /* Controller */ = {
			isa = PBXGroup;
			children = (
				40CC619D1DD118BD00178B7A /* GameViewController.swift */,
				EF44D6241DE21F5E00DCDC42 /* VerificationViewController.swift */,
				EFB374DF1DD8FF2200B9A6D0 /* InitialViewController.swift */,
				2E031CC31DD283EF002BD6E2 /* GameViewControllerExtension.swift */,
			);
			name = Controller;
			sourceTree = "<group>";
		};
		402E0A8D1DD1714F003C7969 /* View */ = {
			isa = PBXGroup;
			children = (
				40CC619F1DD118BD00178B7A /* Main.storyboard */,
				EFF0362D1DD27C9600EF97DD /* Game3DView.swift */,
			);
			name = View;
			sourceTree = "<group>";
		};
		402E0A8E1DD17156003C7969 /* Model */ = {
			isa = PBXGroup;
			children = (
				2E6E3DCB1DD2232F00C4298F /* MPCManager.swift */,
				40C8F71A1DD8D4D9009B4E24 /* AsteroidClass.swift */,
				40C8F71C1DD8D4E3009B4E24 /* AimClass.swift */,
				405482241DD9216C003F56DC /* EarthClass.swift */,
				2EABADCE1DE0E5EA004F0CF8 /* Player.swift */,
			);
			name = Model;
			sourceTree = "<group>";
		};
		402E0A8F1DD1716A003C7969 /* Others */ = {
			isa = PBXGroup;
			children = (
				40CC61931DD118BD00178B7A /* AppDelegate.swift */,
			);
			name = Others;
			sourceTree = "<group>";
		};
		402E0A901DD17250003C7969 /* Data */ = {
			isa = PBXGroup;
			children = (
				40CC61991DD118BD00178B7A /* Game.xcassets */,
				40CC61A21DD118BD00178B7A /* Assets.xcassets */,
				40CC61A41DD118BD00178B7A /* Info.plist */,
			);
			name = Data;
			sourceTree = "<group>";
		};
		402E0A911DD17256003C7969 /* Scene */ = {
			isa = PBXGroup;
			children = (
				40CC619B1DD118BD00178B7A /* GameScene.swift */,
				402E0A841DD17009003C7969 /* InitialScene.swift */,
				402E0A861DD17027003C7969 /* OptionsScene.swift */,
				402E0A881DD1703B003C7969 /* DeviceListScene.swift */,
				402E0A8A1DD1705D003C7969 /* FinalResultScene.swift */,
			);
			name = Scene;
			sourceTree = "<group>";
		};
		40CC61871DD118BD00178B7A = {
			isa = PBXGroup;
			children = (
				40CC61921DD118BD00178B7A /* AAAHSTEROIS */,
				40CC61911DD118BD00178B7A /* Products */,
			);
			sourceTree = "<group>";
		};
		40CC61911DD118BD00178B7A /* Products */ = {
			isa = PBXGroup;
			children = (
				40CC61901DD118BD00178B7A /* AAAHSTEROIS.app */,
			);
			name = Products;
			sourceTree = "<group>";
		};
		40CC61921DD118BD00178B7A /* AAAHSTEROIS */ = {
			isa = PBXGroup;
			children = (
				2EABADD01DE1216C004F0CF8 /* Extensions */,
				2E8D4F241DE0BD0700F5FA32 /* Resources */,
				402E0A911DD17256003C7969 /* Scene */,
				402E0A901DD17250003C7969 /* Data */,
				402E0A8F1DD1716A003C7969 /* Others */,
				402E0A8E1DD17156003C7969 /* Model */,
				402E0A8D1DD1714F003C7969 /* View */,
				402E0A8C1DD17144003C7969 /* Controller */,
			);
			path = AAAHSTEROIS;
			sourceTree = "<group>";
		};
/* End PBXGroup section */

/* Begin PBXNativeTarget section */
		40CC618F1DD118BD00178B7A /* AAAHSTEROIS */ = {
			isa = PBXNativeTarget;
			buildConfigurationList = 40CC61A71DD118BD00178B7A /* Build configuration list for PBXNativeTarget "AAAHSTEROIS" */;
			buildPhases = (
				40CC618C1DD118BD00178B7A /* Sources */,
				40CC618D1DD118BD00178B7A /* Frameworks */,
				40CC618E1DD118BD00178B7A /* Resources */,
			);
			buildRules = (
			);
			dependencies = (
			);
			name = AAAHSTEROIS;
			productName = AAAHSTEROIS;
			productReference = 40CC61901DD118BD00178B7A /* AAAHSTEROIS.app */;
			productType = "com.apple.product-type.application";
		};
/* End PBXNativeTarget section */

/* Begin PBXProject section */
		40CC61881DD118BD00178B7A /* Project object */ = {
			isa = PBXProject;
			attributes = {
				LastSwiftUpdateCheck = 0810;
				LastUpgradeCheck = 0810;
				ORGANIZATIONNAME = "Wellington Bezerra";
				TargetAttributes = {
					40CC618F1DD118BD00178B7A = {
						CreatedOnToolsVersion = 8.1;
						DevelopmentTeam = 4BPZR4X6FJ;
						ProvisioningStyle = Automatic;
					};
				};
			};
			buildConfigurationList = 40CC618B1DD118BD00178B7A /* Build configuration list for PBXProject "AAAHSTEROIS" */;
			compatibilityVersion = "Xcode 3.2";
			developmentRegion = English;
			hasScannedForEncodings = 0;
			knownRegions = (
				en,
				Base,
			);
			mainGroup = 40CC61871DD118BD00178B7A;
			productRefGroup = 40CC61911DD118BD00178B7A /* Products */;
			projectDirPath = "";
			projectRoot = "";
			targets = (
				40CC618F1DD118BD00178B7A /* AAAHSTEROIS */,
			);
		};
/* End PBXProject section */

/* Begin PBXResourcesBuildPhase section */
		40CC618E1DD118BD00178B7A /* Resources */ = {
			isa = PBXResourcesBuildPhase;
			buildActionMask = 2147483647;
			files = (
				EFB374E41DD9052600B9A6D0 /* OCRAStd.otf in Resources */,
				EFE26F841DDE1E6700979881 /* explosion.scnp in Resources */,
				EFF0362C1DD2565700EF97DD /* spark.png in Resources */,
				EF8FA1951DD7AE7100CB350F /* fire.scnp in Resources */,
				40CC619A1DD118BD00178B7A /* Game.xcassets in Resources */,
				40CC61A11DD118BD00178B7A /* Main.storyboard in Resources */,
				40CC61A31DD118BD00178B7A /* Assets.xcassets in Resources */,
				EFE26F861DDF7E3200979881 /* miniExplosion.scnp in Resources */,
				EFB374E21DD8FFF600B9A6D0 /* HussarBdSuprObl.otf in Resources */,
			);
			runOnlyForDeploymentPostprocessing = 0;
		};
/* End PBXResourcesBuildPhase section */

/* Begin PBXSourcesBuildPhase section */
		40CC618C1DD118BD00178B7A /* Sources */ = {
			isa = PBXSourcesBuildPhase;
			buildActionMask = 2147483647;
			files = (
				EFB374E01DD8FF2200B9A6D0 /* InitialViewController.swift in Sources */,
				402E0A891DD1703B003C7969 /* DeviceListScene.swift in Sources */,
				EFF0362E1DD27C9600EF97DD /* Game3DView.swift in Sources */,
				2E031CC41DD283EF002BD6E2 /* GameViewControllerExtension.swift in Sources */,
				402E0A8B1DD1705D003C7969 /* FinalResultScene.swift in Sources */,
				405482251DD9216C003F56DC /* EarthClass.swift in Sources */,
				EF44D6251DE21F5E00DCDC42 /* VerificationViewController.swift in Sources */,
				40CC619C1DD118BD00178B7A /* GameScene.swift in Sources */,
				402E0A851DD17009003C7969 /* InitialScene.swift in Sources */,
				40CC619E1DD118BD00178B7A /* GameViewController.swift in Sources */,
				40C8F71B1DD8D4D9009B4E24 /* AsteroidClass.swift in Sources */,
				402E0A871DD17027003C7969 /* OptionsScene.swift in Sources */,
				2EABADD21DE12184004F0CF8 /* CGVectorExtension.swift in Sources */,
				40C8F71D1DD8D4E3009B4E24 /* AimClass.swift in Sources */,
				2E6E3DCC1DD2232F00C4298F /* MPCManager.swift in Sources */,
				2EABADCF1DE0E5EA004F0CF8 /* Player.swift in Sources */,
				40CC61941DD118BD00178B7A /* AppDelegate.swift in Sources */,
			);
			runOnlyForDeploymentPostprocessing = 0;
		};
/* End PBXSourcesBuildPhase section */

/* Begin PBXVariantGroup section */
		40CC619F1DD118BD00178B7A /* Main.storyboard */ = {
			isa = PBXVariantGroup;
			children = (
				40CC61A01DD118BD00178B7A /* Base */,
			);
			name = Main.storyboard;
			sourceTree = "<group>";
		};
/* End PBXVariantGroup section */

/* Begin XCBuildConfiguration section */
		40CC61A51DD118BD00178B7A /* Debug */ = {
			isa = XCBuildConfiguration;
			buildSettings = {
				ALWAYS_SEARCH_USER_PATHS = NO;
				CLANG_ANALYZER_NONNULL = YES;
				CLANG_CXX_LANGUAGE_STANDARD = "gnu++0x";
				CLANG_CXX_LIBRARY = "libc++";
				CLANG_ENABLE_MODULES = YES;
				CLANG_ENABLE_OBJC_ARC = YES;
				CLANG_WARN_BOOL_CONVERSION = YES;
				CLANG_WARN_CONSTANT_CONVERSION = YES;
				CLANG_WARN_DIRECT_OBJC_ISA_USAGE = YES_ERROR;
				CLANG_WARN_DOCUMENTATION_COMMENTS = YES;
				CLANG_WARN_EMPTY_BODY = YES;
				CLANG_WARN_ENUM_CONVERSION = YES;
				CLANG_WARN_INFINITE_RECURSION = YES;
				CLANG_WARN_INT_CONVERSION = YES;
				CLANG_WARN_OBJC_ROOT_CLASS = YES_ERROR;
				CLANG_WARN_SUSPICIOUS_MOVES = YES;
				CLANG_WARN_UNREACHABLE_CODE = YES;
				CLANG_WARN__DUPLICATE_METHOD_MATCH = YES;
				COPY_PHASE_STRIP = NO;
				DEBUG_INFORMATION_FORMAT = dwarf;
				ENABLE_STRICT_OBJC_MSGSEND = YES;
				ENABLE_TESTABILITY = YES;
				GCC_C_LANGUAGE_STANDARD = gnu99;
				GCC_DYNAMIC_NO_PIC = NO;
				GCC_NO_COMMON_BLOCKS = YES;
				GCC_OPTIMIZATION_LEVEL = 0;
				GCC_PREPROCESSOR_DEFINITIONS = (
					"DEBUG=1",
					"$(inherited)",
				);
				GCC_WARN_64_TO_32_BIT_CONVERSION = YES;
				GCC_WARN_ABOUT_RETURN_TYPE = YES_ERROR;
				GCC_WARN_UNDECLARED_SELECTOR = YES;
				GCC_WARN_UNINITIALIZED_AUTOS = YES_AGGRESSIVE;
				GCC_WARN_UNUSED_FUNCTION = YES;
				GCC_WARN_UNUSED_VARIABLE = YES;
				MTL_ENABLE_DEBUG_INFO = YES;
				ONLY_ACTIVE_ARCH = YES;
				SDKROOT = appletvos;
				SWIFT_ACTIVE_COMPILATION_CONDITIONS = DEBUG;
				SWIFT_OPTIMIZATION_LEVEL = "-Onone";
				TARGETED_DEVICE_FAMILY = 3;
				TVOS_DEPLOYMENT_TARGET = 10.0;
			};
			name = Debug;
		};
		40CC61A61DD118BD00178B7A /* Release */ = {
			isa = XCBuildConfiguration;
			buildSettings = {
				ALWAYS_SEARCH_USER_PATHS = NO;
				CLANG_ANALYZER_NONNULL = YES;
				CLANG_CXX_LANGUAGE_STANDARD = "gnu++0x";
				CLANG_CXX_LIBRARY = "libc++";
				CLANG_ENABLE_MODULES = YES;
				CLANG_ENABLE_OBJC_ARC = YES;
				CLANG_WARN_BOOL_CONVERSION = YES;
				CLANG_WARN_CONSTANT_CONVERSION = YES;
				CLANG_WARN_DIRECT_OBJC_ISA_USAGE = YES_ERROR;
				CLANG_WARN_DOCUMENTATION_COMMENTS = YES;
				CLANG_WARN_EMPTY_BODY = YES;
				CLANG_WARN_ENUM_CONVERSION = YES;
				CLANG_WARN_INFINITE_RECURSION = YES;
				CLANG_WARN_INT_CONVERSION = YES;
				CLANG_WARN_OBJC_ROOT_CLASS = YES_ERROR;
				CLANG_WARN_SUSPICIOUS_MOVES = YES;
				CLANG_WARN_UNREACHABLE_CODE = YES;
				CLANG_WARN__DUPLICATE_METHOD_MATCH = YES;
				COPY_PHASE_STRIP = NO;
				DEBUG_INFORMATION_FORMAT = "dwarf-with-dsym";
				ENABLE_NS_ASSERTIONS = NO;
				ENABLE_STRICT_OBJC_MSGSEND = YES;
				GCC_C_LANGUAGE_STANDARD = gnu99;
				GCC_NO_COMMON_BLOCKS = YES;
				GCC_WARN_64_TO_32_BIT_CONVERSION = YES;
				GCC_WARN_ABOUT_RETURN_TYPE = YES_ERROR;
				GCC_WARN_UNDECLARED_SELECTOR = YES;
				GCC_WARN_UNINITIALIZED_AUTOS = YES_AGGRESSIVE;
				GCC_WARN_UNUSED_FUNCTION = YES;
				GCC_WARN_UNUSED_VARIABLE = YES;
				MTL_ENABLE_DEBUG_INFO = NO;
				SDKROOT = appletvos;
				SWIFT_OPTIMIZATION_LEVEL = "-Owholemodule";
				TARGETED_DEVICE_FAMILY = 3;
				TVOS_DEPLOYMENT_TARGET = 10.0;
				VALIDATE_PRODUCT = YES;
			};
			name = Release;
		};
		40CC61A81DD118BD00178B7A /* Debug */ = {
			isa = XCBuildConfiguration;
			buildSettings = {
				ASSETCATALOG_COMPILER_APPICON_NAME = "App Icon & Top Shelf Image";
				ASSETCATALOG_COMPILER_LAUNCHIMAGE_NAME = LaunchImage;
				DEVELOPMENT_TEAM = 4BPZR4X6FJ;
				INFOPLIST_FILE = AAAHSTEROIS/Info.plist;
				LD_RUNPATH_SEARCH_PATHS = "$(inherited) @executable_path/Frameworks";
				PRODUCT_BUNDLE_IDENTIFIER = "WBS-Corporation.AAAHSTEROIS";
				PRODUCT_NAME = "$(TARGET_NAME)";
				SWIFT_VERSION = 3.0;
			};
			name = Debug;
		};
		40CC61A91DD118BD00178B7A /* Release */ = {
			isa = XCBuildConfiguration;
			buildSettings = {
				ASSETCATALOG_COMPILER_APPICON_NAME = "App Icon & Top Shelf Image";
				ASSETCATALOG_COMPILER_LAUNCHIMAGE_NAME = LaunchImage;
				DEVELOPMENT_TEAM = 4BPZR4X6FJ;
				INFOPLIST_FILE = AAAHSTEROIS/Info.plist;
				LD_RUNPATH_SEARCH_PATHS = "$(inherited) @executable_path/Frameworks";
				PRODUCT_BUNDLE_IDENTIFIER = "WBS-Corporation.AAAHSTEROIS";
				PRODUCT_NAME = "$(TARGET_NAME)";
				SWIFT_VERSION = 3.0;
			};
			name = Release;
		};
/* End XCBuildConfiguration section */

/* Begin XCConfigurationList section */
		40CC618B1DD118BD00178B7A /* Build configuration list for PBXProject "AAAHSTEROIS" */ = {
			isa = XCConfigurationList;
			buildConfigurations = (
				40CC61A51DD118BD00178B7A /* Debug */,
				40CC61A61DD118BD00178B7A /* Release */,
			);
			defaultConfigurationIsVisible = 0;
			defaultConfigurationName = Release;
		};
		40CC61A71DD118BD00178B7A /* Build configuration list for PBXNativeTarget "AAAHSTEROIS" */ = {
			isa = XCConfigurationList;
			buildConfigurations = (
				40CC61A81DD118BD00178B7A /* Debug */,
				40CC61A91DD118BD00178B7A /* Release */,
			);
			defaultConfigurationIsVisible = 0;
			defaultConfigurationName = Release;
		};
/* End XCConfigurationList section */
	};
	rootObject = 40CC61881DD118BD00178B7A /* Project object */;
}
